
Microsoft Visual Studio Solution File, Format Version 12.00
# Visual Studio Version 16
VisualStudioVersion = 16.0.31112.23
MinimumVisualStudioVersion = 10.0.40219.1
Project("{9A19103F-16F7-4668-BE54-9A1E7A4F7556}") = "SamuraiApp.Data", "..\SamuraiApp.Data\SamuraiApp.Data.csproj", "{219E069F-B759-479A-BFBE-EEFE0337A1F2}"
EndProject
Project("{9A19103F-16F7-4668-BE54-9A1E7A4F7556}") = "SamuraiApp.Domain", "..\SamuraiApp.Domain\SamuraiApp.Domain.csproj", "{64486F4C-944F-4BC2-AE00-AE79A8893349}"
EndProject
Project("{9A19103F-16F7-4668-BE54-9A1E7A4F7556}") = "SamuraiApp.UI", "..\SamuraiApp.UI\SamuraiApp.UI.csproj", "{B39E0A0B-A9DE-4086-A139-F40DFE4DACB7}"
EndProject
Global
	GlobalSection(SolutionConfigurationPlatforms) = preSolution
		Debug|Any CPU = Debug|Any CPU
		Release|Any CPU = Release|Any CPU
	EndGlobalSection
	GlobalSection(ProjectConfigurationPlatforms) = postSolution
		{219E069F-B759-479A-BFBE-EEFE0337A1F2}.Debug|Any CPU.ActiveCfg = Debug|Any CPU
		{219E069F-B759-479A-BFBE-EEFE0337A1F2}.Debug|Any CPU.Build.0 = Debug|Any CPU
		{219E069F-B759-479A-BFBE-EEFE0337A1F2}.Release|Any CPU.ActiveCfg = Release|Any CPU
		{219E069F-B759-479A-BFBE-EEFE0337A1F2}.Release|Any CPU.Build.0 = Release|Any CPU
		{64486F4C-944F-4BC2-AE00-AE79A8893349}.Debug|Any CPU.ActiveCfg = Debug|Any CPU
		{64486F4C-944F-4BC2-AE00-AE79A8893349}.Debug|Any CPU.Build.0 = Debug|Any CPU
		{64486F4C-944F-4BC2-AE00-AE79A8893349}.Release|Any CPU.ActiveCfg = Release|Any CPU
		{64486F4C-944F-4BC2-AE00-AE79A8893349}.Release|Any CPU.Build.0 = Release|Any CPU
		{B39E0A0B-A9DE-4086-A139-F40DFE4DACB7}.Debug|Any CPU.ActiveCfg = Debug|Any CPU
		{B39E0A0B-A9DE-4086-A139-F40DFE4DACB7}.Debug|Any CPU.Build.0 = Debug|Any CPU
		{B39E0A0B-A9DE-4086-A139-F40DFE4DACB7}.Release|Any CPU.ActiveCfg = Release|Any CPU
		{B39E0A0B-A9DE-4086-A139-F40DFE4DACB7}.Release|Any CPU.Build.0 = Release|Any CPU
	EndGlobalSection
	GlobalSection(SolutionProperties) = preSolution
		HideSolutionNode = FALSE
	EndGlobalSection
	GlobalSection(ExtensibilityGlobals) = postSolution
		SolutionGuid = {7A0188AB-A4BF-4B08-A156-01DE4CA5DFAD}
	EndGlobalSection
EndGlobal
